
Microsoft Visual Studio Solution File, Format Version 12.00
# Visual Studio Version 17
VisualStudioVersion = 17.0.32112.339
MinimumVisualStudioVersion = 10.0.40219.1
Project("{9A19103F-16F7-4668-BE54-9A1E7A4F7556}") = "Store-Ge.Web", "Store-Ge.Web\Store-Ge.Web.csproj", "{DC6C71F6-CC76-4867-A6F1-5017D475471A}"
EndProject
Project("{9A19103F-16F7-4668-BE54-9A1E7A4F7556}") = "Store-Ge.Services", "Store-Ge.Services\Store-Ge.Services.csproj", "{AABBCDCA-2DC1-4E71-91FE-4959A414CBD4}"
EndProject
Project("{9A19103F-16F7-4668-BE54-9A1E7A4F7556}") = "Store-Ge.Data", "Store-Ge.Data\Store-Ge.Data.csproj", "{719DB063-F02F-48A8-A9FE-30876FF203C5}"
EndProject
Project("{9A19103F-16F7-4668-BE54-9A1E7A4F7556}") = "Store-Ge.Common", "Store-Ge.Common\Store-Ge.Common.csproj", "{C83F4784-A849-49E9-9564-01E62127C445}"
EndProject
Project("{FAE04EC0-301F-11D3-BF4B-00C04F79EFBC}") = "Store-Ge.Tests", "Store-Ge.Tests\Store-Ge.Tests.csproj", "{CDA08882-55AC-4F8A-BC04-ECDAFFB5D804}"
EndProject
Global
	GlobalSection(SolutionConfigurationPlatforms) = preSolution
		Debug|Any CPU = Debug|Any CPU
		Release|Any CPU = Release|Any CPU
	EndGlobalSection
	GlobalSection(ProjectConfigurationPlatforms) = postSolution
		{DC6C71F6-CC76-4867-A6F1-5017D475471A}.Debug|Any CPU.ActiveCfg = Debug|Any CPU
		{DC6C71F6-CC76-4867-A6F1-5017D475471A}.Debug|Any CPU.Build.0 = Debug|Any CPU
		{DC6C71F6-CC76-4867-A6F1-5017D475471A}.Release|Any CPU.ActiveCfg = Release|Any CPU
		{DC6C71F6-CC76-4867-A6F1-5017D475471A}.Release|Any CPU.Build.0 = Release|Any CPU
		{AABBCDCA-2DC1-4E71-91FE-4959A414CBD4}.Debug|Any CPU.ActiveCfg = Debug|Any CPU
		{AABBCDCA-2DC1-4E71-91FE-4959A414CBD4}.Debug|Any CPU.Build.0 = Debug|Any CPU
		{AABBCDCA-2DC1-4E71-91FE-4959A414CBD4}.Release|Any CPU.ActiveCfg = Release|Any CPU
		{AABBCDCA-2DC1-4E71-91FE-4959A414CBD4}.Release|Any CPU.Build.0 = Release|Any CPU
		{719DB063-F02F-48A8-A9FE-30876FF203C5}.Debug|Any CPU.ActiveCfg = Debug|Any CPU
		{719DB063-F02F-48A8-A9FE-30876FF203C5}.Debug|Any CPU.Build.0 = Debug|Any CPU
		{719DB063-F02F-48A8-A9FE-30876FF203C5}.Release|Any CPU.ActiveCfg = Release|Any CPU
		{719DB063-F02F-48A8-A9FE-30876FF203C5}.Release|Any CPU.Build.0 = Release|Any CPU
		{C83F4784-A849-49E9-9564-01E62127C445}.Debug|Any CPU.ActiveCfg = Debug|Any CPU
		{C83F4784-A849-49E9-9564-01E62127C445}.Debug|Any CPU.Build.0 = Debug|Any CPU
		{C83F4784-A849-49E9-9564-01E62127C445}.Release|Any CPU.ActiveCfg = Release|Any CPU
		{C83F4784-A849-49E9-9564-01E62127C445}.Release|Any CPU.Build.0 = Release|Any CPU
		{CDA08882-55AC-4F8A-BC04-ECDAFFB5D804}.Debug|Any CPU.ActiveCfg = Debug|Any CPU
		{CDA08882-55AC-4F8A-BC04-ECDAFFB5D804}.Debug|Any CPU.Build.0 = Debug|Any CPU
		{CDA08882-55AC-4F8A-BC04-ECDAFFB5D804}.Release|Any CPU.ActiveCfg = Release|Any CPU
		{CDA08882-55AC-4F8A-BC04-ECDAFFB5D804}.Release|Any CPU.Build.0 = Release|Any CPU
	EndGlobalSection
	GlobalSection(SolutionProperties) = preSolution
		HideSolutionNode = FALSE
	EndGlobalSection
	GlobalSection(ExtensibilityGlobals) = postSolution
		SolutionGuid = {EDA74825-B80C-4704-B443-38CD7236C856}
	EndGlobalSection
EndGlobal
