
Microsoft Visual Studio Solution File, Format Version 12.00
# Visual Studio Version 17
VisualStudioVersion = 17.0.32112.339
MinimumVisualStudioVersion = 10.0.40219.1
Project("{FAE04EC0-301F-11D3-BF4B-00C04F79EFBC}") = "TaskBoardApp", "TaskBoardApp\TaskBoardApp.csproj", "{89251489-4C4F-443C-9E02-E3F7BC61E944}"
EndProject
Global
	GlobalSection(SolutionConfigurationPlatforms) = preSolution
		Debug|Any CPU = Debug|Any CPU
		Release|Any CPU = Release|Any CPU
	EndGlobalSection
	GlobalSection(ProjectConfigurationPlatforms) = postSolution
		{89251489-4C4F-443C-9E02-E3F7BC61E944}.Debug|Any CPU.ActiveCfg = Debug|Any CPU
		{89251489-4C4F-443C-9E02-E3F7BC61E944}.Debug|Any CPU.Build.0 = Debug|Any CPU
		{89251489-4C4F-443C-9E02-E3F7BC61E944}.Release|Any CPU.ActiveCfg = Release|Any CPU
		{89251489-4C4F-443C-9E02-E3F7BC61E944}.Release|Any CPU.Build.0 = Release|Any CPU
	EndGlobalSection
	GlobalSection(SolutionProperties) = preSolution
		HideSolutionNode = FALSE
	EndGlobalSection
	GlobalSection(ExtensibilityGlobals) = postSolution
		SolutionGuid = {0A4768E2-1A04-49C0-8377-0AB89C0EF6A5}
	EndGlobalSection
EndGlobal
